
Microsoft Visual Studio Solution File, Format Version 12.00
# Visual Studio Version 17
VisualStudioVersion = 17.7.34018.315
MinimumVisualStudioVersion = 10.0.40219.1
Project("{FAE04EC0-301F-11D3-BF4B-00C04F79EFBC}") = "Kap 6 Uppgift 6.9", "Kap 6 Uppgift 6.9\Kap 6 Uppgift 6.9.csproj", "{BD2C2770-3A02-489F-90B7-28F0F724F76A}"
EndProject
Global
	GlobalSection(SolutionConfigurationPlatforms) = preSolution
		Debug|Any CPU = Debug|Any CPU
		Release|Any CPU = Release|Any CPU
	EndGlobalSection
	GlobalSection(ProjectConfigurationPlatforms) = postSolution
		{BD2C2770-3A02-489F-90B7-28F0F724F76A}.Debug|Any CPU.ActiveCfg = Debug|Any CPU
		{BD2C2770-3A02-489F-90B7-28F0F724F76A}.Debug|Any CPU.Build.0 = Debug|Any CPU
		{BD2C2770-3A02-489F-90B7-28F0F724F76A}.Release|Any CPU.ActiveCfg = Release|Any CPU
		{BD2C2770-3A02-489F-90B7-28F0F724F76A}.Release|Any CPU.Build.0 = Release|Any CPU
	EndGlobalSection
	GlobalSection(SolutionProperties) = preSolution
		HideSolutionNode = FALSE
	EndGlobalSection
	GlobalSection(ExtensibilityGlobals) = postSolution
		SolutionGuid = {B8C3403A-E793-4DAC-A088-5E7BD19F89FA}
	EndGlobalSection
EndGlobal
